# THIS IS AN AUTOGENERATED FILE. DO NOT EDIT THIS FILE DIRECTLY.
# yarn lockfile v1


liekkas-table@^1.0.1:
  version "1.0.1"
  resolved "https://registry.npmjs.org/liekkas-table/-/liekkas-table-1.0.1.tgz#269aa8af4dbe23acc8e746be567f34045fcb78a7"
  integrity sha512-7YIz08kHtvsGVqq1h7xomz4r3dZmn+RKQRumlNGjohnlBH1CCsRpw4oPEEW4AlYC6pEiqQ/bUxSdQS6hGOWArg==
